
Microsoft Visual Studio Solution File, Format Version 12.00
# Visual Studio 15
VisualStudioVersion = 15.0.26430.12
MinimumVisualStudioVersion = 10.0.40219.1
Project("{FAE04EC0-301F-11D3-BF4B-00C04F79EFBC}") = "DapperDal", "DapperDal\DapperDal.csproj", "{64CCA848-7660-43EE-ABAE-91EFFE765E41}"
EndProject
Project("{FAE04EC0-301F-11D3-BF4B-00C04F79EFBC}") = "DapperDal.Test", "DapperDal.Test\DapperDal.Test.csproj", "{8BF8684B-E2F2-43A3-B5C7-B9C49F1810C5}"
EndProject
Project("{2150E333-8FDC-42A3-9474-1A3956D46DE8}") = "Solution Items", "Solution Items", "{FF445554-FEE7-45CD-B9A8-1D1D80D9744F}"
	ProjectSection(SolutionItems) = preProject
		DapperDal\buildPackage.cmd = DapperDal\buildPackage.cmd
		DapperDal\DapperDal.nuspec = DapperDal\DapperDal.nuspec
		README.md = README.md
	EndProjectSection
EndProject
Project("{2150E333-8FDC-42A3-9474-1A3956D46DE8}") = "test", "test", "{2AD48036-181F-4A7F-BEF8-33951AC23342}"
EndProject
Project("{2150E333-8FDC-42A3-9474-1A3956D46DE8}") = "src", "src", "{2E5DF445-A607-4C9F-A786-E92768186801}"
EndProject
Project("{FAE04EC0-301F-11D3-BF4B-00C04F79EFBC}") = "DapperDal.Test.Entities", "DapperDal.Test.Entities\DapperDal.Test.Entities.csproj", "{1EF2B04A-7E97-4C53-8AFB-D90E815CFB05}"
EndProject
Project("{FAE04EC0-301F-11D3-BF4B-00C04F79EFBC}") = "DapperDal.Test.Maps", "DapperDal.Test.Maps\DapperDal.Test.Maps.csproj", "{E335BE03-0A91-4A41-8631-71044CC46310}"
EndProject
Global
	GlobalSection(SolutionConfigurationPlatforms) = preSolution
		Debug|Any CPU = Debug|Any CPU
		Release|Any CPU = Release|Any CPU
	EndGlobalSection
	GlobalSection(ProjectConfigurationPlatforms) = postSolution
		{64CCA848-7660-43EE-ABAE-91EFFE765E41}.Debug|Any CPU.ActiveCfg = Debug|Any CPU
		{64CCA848-7660-43EE-ABAE-91EFFE765E41}.Debug|Any CPU.Build.0 = Debug|Any CPU
		{64CCA848-7660-43EE-ABAE-91EFFE765E41}.Release|Any CPU.ActiveCfg = Release|Any CPU
		{64CCA848-7660-43EE-ABAE-91EFFE765E41}.Release|Any CPU.Build.0 = Release|Any CPU
		{8BF8684B-E2F2-43A3-B5C7-B9C49F1810C5}.Debug|Any CPU.ActiveCfg = Debug|Any CPU
		{8BF8684B-E2F2-43A3-B5C7-B9C49F1810C5}.Debug|Any CPU.Build.0 = Debug|Any CPU
		{8BF8684B-E2F2-43A3-B5C7-B9C49F1810C5}.Release|Any CPU.ActiveCfg = Release|Any CPU
		{8BF8684B-E2F2-43A3-B5C7-B9C49F1810C5}.Release|Any CPU.Build.0 = Release|Any CPU
		{1EF2B04A-7E97-4C53-8AFB-D90E815CFB05}.Debug|Any CPU.ActiveCfg = Debug|Any CPU
		{1EF2B04A-7E97-4C53-8AFB-D90E815CFB05}.Debug|Any CPU.Build.0 = Debug|Any CPU
		{1EF2B04A-7E97-4C53-8AFB-D90E815CFB05}.Release|Any CPU.ActiveCfg = Release|Any CPU
		{1EF2B04A-7E97-4C53-8AFB-D90E815CFB05}.Release|Any CPU.Build.0 = Release|Any CPU
		{E335BE03-0A91-4A41-8631-71044CC46310}.Debug|Any CPU.ActiveCfg = Debug|Any CPU
		{E335BE03-0A91-4A41-8631-71044CC46310}.Debug|Any CPU.Build.0 = Debug|Any CPU
		{E335BE03-0A91-4A41-8631-71044CC46310}.Release|Any CPU.ActiveCfg = Release|Any CPU
		{E335BE03-0A91-4A41-8631-71044CC46310}.Release|Any CPU.Build.0 = Release|Any CPU
	EndGlobalSection
	GlobalSection(SolutionProperties) = preSolution
		HideSolutionNode = FALSE
	EndGlobalSection
	GlobalSection(NestedProjects) = preSolution
		{64CCA848-7660-43EE-ABAE-91EFFE765E41} = {2E5DF445-A607-4C9F-A786-E92768186801}
		{8BF8684B-E2F2-43A3-B5C7-B9C49F1810C5} = {2AD48036-181F-4A7F-BEF8-33951AC23342}
		{1EF2B04A-7E97-4C53-8AFB-D90E815CFB05} = {2AD48036-181F-4A7F-BEF8-33951AC23342}
		{E335BE03-0A91-4A41-8631-71044CC46310} = {2AD48036-181F-4A7F-BEF8-33951AC23342}
	EndGlobalSection
EndGlobal
